
Microsoft Visual Studio Solution File, Format Version 12.00
# Visual Studio Version 17
VisualStudioVersion = 17.9.34728.123
MinimumVisualStudioVersion = 10.0.40219.1
Project("{FAE04EC0-301F-11D3-BF4B-00C04F79EFBC}") = "WPF_APP", "WPF_APP.csproj", "{AEE72C02-D09F-4364-B08B-636F5C38718E}"
EndProject
Global
	GlobalSection(SolutionConfigurationPlatforms) = preSolution
		Debug|Any CPU = Debug|Any CPU
		Release|Any CPU = Release|Any CPU
	EndGlobalSection
	GlobalSection(ProjectConfigurationPlatforms) = postSolution
		{AEE72C02-D09F-4364-B08B-636F5C38718E}.Debug|Any CPU.ActiveCfg = Debug|Any CPU
		{AEE72C02-D09F-4364-B08B-636F5C38718E}.Debug|Any CPU.Build.0 = Debug|Any CPU
		{AEE72C02-D09F-4364-B08B-636F5C38718E}.Release|Any CPU.ActiveCfg = Release|Any CPU
		{AEE72C02-D09F-4364-B08B-636F5C38718E}.Release|Any CPU.Build.0 = Release|Any CPU
	EndGlobalSection
	GlobalSection(SolutionProperties) = preSolution
		HideSolutionNode = FALSE
	EndGlobalSection
	GlobalSection(ExtensibilityGlobals) = postSolution
		SolutionGuid = {C0C0B78F-127C-40B0-BC17-2840FE55C963}
	EndGlobalSection
EndGlobal
